
Microsoft Visual Studio Solution File, Format Version 12.00
# Visual Studio 14
VisualStudioVersion = 14.0.25420.1
MinimumVisualStudioVersion = 10.0.40219.1
Project("{2150E333-8FDC-42A3-9474-1A3956D46DE8}") = "DesignPattern", "DesignPattern", "{6B8D7DD2-819D-44B7-8DAC-1C800EAA7407}"
EndProject
Project("{FAE04EC0-301F-11D3-BF4B-00C04F79EFBC}") = "FactoryMethod", "DesignPattern\FactoryMethod\FactoryMethod.csproj", "{D52B51E4-5586-4FE5-9E15-94D059E60B3F}"
EndProject
Global
	GlobalSection(SolutionConfigurationPlatforms) = preSolution
		Debug|Any CPU = Debug|Any CPU
		Release|Any CPU = Release|Any CPU
	EndGlobalSection
	GlobalSection(ProjectConfigurationPlatforms) = postSolution
		{D52B51E4-5586-4FE5-9E15-94D059E60B3F}.Debug|Any CPU.ActiveCfg = Debug|Any CPU
		{D52B51E4-5586-4FE5-9E15-94D059E60B3F}.Debug|Any CPU.Build.0 = Debug|Any CPU
		{D52B51E4-5586-4FE5-9E15-94D059E60B3F}.Release|Any CPU.ActiveCfg = Release|Any CPU
		{D52B51E4-5586-4FE5-9E15-94D059E60B3F}.Release|Any CPU.Build.0 = Release|Any CPU
	EndGlobalSection
	GlobalSection(SolutionProperties) = preSolution
		HideSolutionNode = FALSE
	EndGlobalSection
	GlobalSection(NestedProjects) = preSolution
		{D52B51E4-5586-4FE5-9E15-94D059E60B3F} = {6B8D7DD2-819D-44B7-8DAC-1C800EAA7407}
	EndGlobalSection
EndGlobal
